// !$*UTF8*$!
{
	archiveVersion = 1;
	classes = {
	};
	objectVersion = 50;
	objects = {

/* Begin PBXBuildFile section */
		7369DAC921AEAA3700E7C855 /* AppDelegate.swift in Sources */ = {isa = PBXBuildFile; fileRef = 7369DAC821AEAA3700E7C855 /* AppDelegate.swift */; };
		7369DAD021AEAA3800E7C855 /* Assets.xcassets in Resources */ = {isa = PBXBuildFile; fileRef = 7369DACF21AEAA3800E7C855 /* Assets.xcassets */; };
		7369DAD321AEAA3800E7C855 /* LaunchScreen.storyboard in Resources */ = {isa = PBXBuildFile; fileRef = 7369DAD121AEAA3800E7C855 /* LaunchScreen.storyboard */; };
		7369DADD21AEB49000E7C855 /* CategoryCell.swift in Sources */ = {isa = PBXBuildFile; fileRef = 7369DADB21AEB49000E7C855 /* CategoryCell.swift */; };
		7369DADE21AEB49000E7C855 /* CategoryCell.xib in Resources */ = {isa = PBXBuildFile; fileRef = 7369DADC21AEB49000E7C855 /* CategoryCell.xib */; };
		7369DAE121AEB59200E7C855 /* Main.swift in Sources */ = {isa = PBXBuildFile; fileRef = 7369DADF21AEB59200E7C855 /* Main.swift */; };
		7369DAE221AEB59200E7C855 /* MainVC.xib in Resources */ = {isa = PBXBuildFile; fileRef = 7369DAE021AEB59200E7C855 /* MainVC.xib */; };
		7369DAE521AEBD5500E7C855 /* Categories.swift in Sources */ = {isa = PBXBuildFile; fileRef = 7369DAE421AEBD5500E7C855 /* Categories.swift */; };
		7369DAE821B0325900E7C855 /* RecetasViewController.swift in Sources */ = {isa = PBXBuildFile; fileRef = 7369DAE621B0325900E7C855 /* RecetasViewController.swift */; };
		7369DAE921B0325900E7C855 /* RecetasViewController.xib in Resources */ = {isa = PBXBuildFile; fileRef = 7369DAE721B0325900E7C855 /* RecetasViewController.xib */; };
		7369DAEB21B032A700E7C855 /* Recipes.swift in Sources */ = {isa = PBXBuildFile; fileRef = 7369DAEA21B032A700E7C855 /* Recipes.swift */; };
		7369DAEE21B0416700E7C855 /* RecipeCell.swift in Sources */ = {isa = PBXBuildFile; fileRef = 7369DAEC21B0416700E7C855 /* RecipeCell.swift */; };
		7369DAEF21B0416700E7C855 /* RecipeCell.xib in Resources */ = {isa = PBXBuildFile; fileRef = 7369DAED21B0416700E7C855 /* RecipeCell.xib */; };
		7369DAF221B0624F00E7C855 /* DataViewController.swift in Sources */ = {isa = PBXBuildFile; fileRef = 7369DAF021B0624F00E7C855 /* DataViewController.swift */; };
		7369DAF321B0624F00E7C855 /* DataViewController.xib in Resources */ = {isa = PBXBuildFile; fileRef = 7369DAF121B0624F00E7C855 /* DataViewController.xib */; };
		737D994121B13DA400B69471 /* MapViewController.swift in Sources */ = {isa = PBXBuildFile; fileRef = 737D993F21B13DA400B69471 /* MapViewController.swift */; };
		737D994221B13DA400B69471 /* MapViewController.xib in Resources */ = {isa = PBXBuildFile; fileRef = 737D994021B13DA400B69471 /* MapViewController.xib */; };
		E2AEFC9FE40139E98D346482 /* Pods_RecipeFinder.framework in Frameworks */ = {isa = PBXBuildFile; fileRef = B599AC2B385C204C00E81EE7 /* Pods_RecipeFinder.framework */; };
/* End PBXBuildFile section */

/* Begin PBXFileReference section */
		6A6126B62371B062466FDF44 /* Pods-RecipeFinder.debug.xcconfig */ = {isa = PBXFileReference; includeInIndex = 1; lastKnownFileType = text.xcconfig; name = "Pods-RecipeFinder.debug.xcconfig"; path = "Pods/Target Support Files/Pods-RecipeFinder/Pods-RecipeFinder.debug.xcconfig"; sourceTree = "<group>"; };
		7114E4D23FF217049BBFA839 /* Pods-RecipeFinder.release.xcconfig */ = {isa = PBXFileReference; includeInIndex = 1; lastKnownFileType = text.xcconfig; name = "Pods-RecipeFinder.release.xcconfig"; path = "Pods/Target Support Files/Pods-RecipeFinder/Pods-RecipeFinder.release.xcconfig"; sourceTree = "<group>"; };
		7369DAC521AEAA3700E7C855 /* RecipeFinder.app */ = {isa = PBXFileReference; explicitFileType = wrapper.application; includeInIndex = 0; path = RecipeFinder.app; sourceTree = BUILT_PRODUCTS_DIR; };
		7369DAC821AEAA3700E7C855 /* AppDelegate.swift */ = {isa = PBXFileReference; lastKnownFileType = sourcecode.swift; path = AppDelegate.swift; sourceTree = "<group>"; };
		7369DACF21AEAA3800E7C855 /* Assets.xcassets */ = {isa = PBXFileReference; lastKnownFileType = folder.assetcatalog; path = Assets.xcassets; sourceTree = "<group>"; };
		7369DAD221AEAA3800E7C855 /* Base */ = {isa = PBXFileReference; lastKnownFileType = file.storyboard; name = Base; path = Base.lproj/LaunchScreen.storyboard; sourceTree = "<group>"; };
		7369DAD421AEAA3900E7C855 /* Info.plist */ = {isa = PBXFileReference; lastKnownFileType = text.plist.xml; path = Info.plist; sourceTree = "<group>"; };
		7369DADB21AEB49000E7C855 /* CategoryCell.swift */ = {isa = PBXFileReference; lastKnownFileType = sourcecode.swift; path = CategoryCell.swift; sourceTree = "<group>"; };
		7369DADC21AEB49000E7C855 /* CategoryCell.xib */ = {isa = PBXFileReference; lastKnownFileType = file.xib; path = CategoryCell.xib; sourceTree = "<group>"; };
		7369DADF21AEB59200E7C855 /* Main.swift */ = {isa = PBXFileReference; lastKnownFileType = sourcecode.swift; path = Main.swift; sourceTree = "<group>"; };
		7369DAE021AEB59200E7C855 /* MainVC.xib */ = {isa = PBXFileReference; lastKnownFileType = file.xib; path = MainVC.xib; sourceTree = "<group>"; };
		7369DAE421AEBD5500E7C855 /* Categories.swift */ = {isa = PBXFileReference; lastKnownFileType = sourcecode.swift; path = Categories.swift; sourceTree = "<group>"; };
		7369DAE621B0325900E7C855 /* RecetasViewController.swift */ = {isa = PBXFileReference; lastKnownFileType = sourcecode.swift; path = RecetasViewController.swift; sourceTree = "<group>"; };
		7369DAE721B0325900E7C855 /* RecetasViewController.xib */ = {isa = PBXFileReference; lastKnownFileType = file.xib; path = RecetasViewController.xib; sourceTree = "<group>"; };
		7369DAEA21B032A700E7C855 /* Recipes.swift */ = {isa = PBXFileReference; lastKnownFileType = sourcecode.swift; path = Recipes.swift; sourceTree = "<group>"; };
		7369DAEC21B0416700E7C855 /* RecipeCell.swift */ = {isa = PBXFileReference; lastKnownFileType = sourcecode.swift; path = RecipeCell.swift; sourceTree = "<group>"; };
		7369DAED21B0416700E7C855 /* RecipeCell.xib */ = {isa = PBXFileReference; lastKnownFileType = file.xib; path = RecipeCell.xib; sourceTree = "<group>"; };
		7369DAF021B0624F00E7C855 /* DataViewController.swift */ = {isa = PBXFileReference; lastKnownFileType = sourcecode.swift; path = DataViewController.swift; sourceTree = "<group>"; };
		7369DAF121B0624F00E7C855 /* DataViewController.xib */ = {isa = PBXFileReference; lastKnownFileType = file.xib; path = DataViewController.xib; sourceTree = "<group>"; };
		737D993F21B13DA400B69471 /* MapViewController.swift */ = {isa = PBXFileReference; lastKnownFileType = sourcecode.swift; path = MapViewController.swift; sourceTree = "<group>"; };
		737D994021B13DA400B69471 /* MapViewController.xib */ = {isa = PBXFileReference; lastKnownFileType = file.xib; path = MapViewController.xib; sourceTree = "<group>"; };
		B599AC2B385C204C00E81EE7 /* Pods_RecipeFinder.framework */ = {isa = PBXFileReference; explicitFileType = wrapper.framework; includeInIndex = 0; path = Pods_RecipeFinder.framework; sourceTree = BUILT_PRODUCTS_DIR; };
/* End PBXFileReference section */

/* Begin PBXFrameworksBuildPhase section */
		7369DAC221AEAA3700E7C855 /* Frameworks */ = {
			isa = PBXFrameworksBuildPhase;
			buildActionMask = 2147483647;
			files = (
				E2AEFC9FE40139E98D346482 /* Pods_RecipeFinder.framework in Frameworks */,
			);
			runOnlyForDeploymentPostprocessing = 0;
		};
/* End PBXFrameworksBuildPhase section */

/* Begin PBXGroup section */
		62C556000C0A67FC0268E87B /* Frameworks */ = {
			isa = PBXGroup;
			children = (
				B599AC2B385C204C00E81EE7 /* Pods_RecipeFinder.framework */,
			);
			name = Frameworks;
			sourceTree = "<group>";
		};
		7369DABC21AEAA3700E7C855 = {
			isa = PBXGroup;
			children = (
				7369DAE321AEBD2E00E7C855 /* Entities */,
				7369DADA21AEADC900E7C855 /* Cells */,
				7369DAC721AEAA3700E7C855 /* RecipeFinder */,
				7369DAC621AEAA3700E7C855 /* Products */,
				D34D10CBBEEF563280AE26E7 /* Pods */,
				62C556000C0A67FC0268E87B /* Frameworks */,
			);
			sourceTree = "<group>";
		};
		7369DAC621AEAA3700E7C855 /* Products */ = {
			isa = PBXGroup;
			children = (
				7369DAC521AEAA3700E7C855 /* RecipeFinder.app */,
			);
			name = Products;
			sourceTree = "<group>";
		};
		7369DAC721AEAA3700E7C855 /* RecipeFinder */ = {
			isa = PBXGroup;
			children = (
				7369DAC821AEAA3700E7C855 /* AppDelegate.swift */,
				7369DACF21AEAA3800E7C855 /* Assets.xcassets */,
				7369DAD121AEAA3800E7C855 /* LaunchScreen.storyboard */,
				7369DAD421AEAA3900E7C855 /* Info.plist */,
				7369DADF21AEB59200E7C855 /* Main.swift */,
				7369DAE021AEB59200E7C855 /* MainVC.xib */,
				7369DAE621B0325900E7C855 /* RecetasViewController.swift */,
				7369DAE721B0325900E7C855 /* RecetasViewController.xib */,
				7369DAF021B0624F00E7C855 /* DataViewController.swift */,
				7369DAF121B0624F00E7C855 /* DataViewController.xib */,
				737D993F21B13DA400B69471 /* MapViewController.swift */,
				737D994021B13DA400B69471 /* MapViewController.xib */,
			);
			path = RecipeFinder;
			sourceTree = "<group>";
		};
		7369DADA21AEADC900E7C855 /* Cells */ = {
			isa = PBXGroup;
			children = (
				7369DADB21AEB49000E7C855 /* CategoryCell.swift */,
				7369DADC21AEB49000E7C855 /* CategoryCell.xib */,
				7369DAEC21B0416700E7C855 /* RecipeCell.swift */,
				7369DAED21B0416700E7C855 /* RecipeCell.xib */,
			);
			path = Cells;
			sourceTree = "<group>";
		};
		7369DAE321AEBD2E00E7C855 /* Entities */ = {
			isa = PBXGroup;
			children = (
				7369DAE421AEBD5500E7C855 /* Categories.swift */,
				7369DAEA21B032A700E7C855 /* Recipes.swift */,
			);
			path = Entities;
			sourceTree = "<group>";
		};
		D34D10CBBEEF563280AE26E7 /* Pods */ = {
			isa = PBXGroup;
			children = (
				6A6126B62371B062466FDF44 /* Pods-RecipeFinder.debug.xcconfig */,
				7114E4D23FF217049BBFA839 /* Pods-RecipeFinder.release.xcconfig */,
			);
			name = Pods;
			sourceTree = "<group>";
		};
/* End PBXGroup section */

/* Begin PBXNativeTarget section */
		7369DAC421AEAA3700E7C855 /* RecipeFinder */ = {
			isa = PBXNativeTarget;
			buildConfigurationList = 7369DAD721AEAA3900E7C855 /* Build configuration list for PBXNativeTarget "RecipeFinder" */;
			buildPhases = (
				CDFF9E5219E9A82AFB80B217 /* [CP] Check Pods Manifest.lock */,
				7369DAC121AEAA3700E7C855 /* Sources */,
				7369DAC221AEAA3700E7C855 /* Frameworks */,
				7369DAC321AEAA3700E7C855 /* Resources */,
				4C3FD35813B3F2850B375ECF /* [CP] Embed Pods Frameworks */,
			);
			buildRules = (
			);
			dependencies = (
			);
			name = RecipeFinder;
			productName = RecipeFinder;
			productReference = 7369DAC521AEAA3700E7C855 /* RecipeFinder.app */;
			productType = "com.apple.product-type.application";
		};
/* End PBXNativeTarget section */

/* Begin PBXProject section */
		7369DABD21AEAA3700E7C855 /* Project object */ = {
			isa = PBXProject;
			attributes = {
				LastSwiftUpdateCheck = 0930;
				LastUpgradeCheck = 0930;
				ORGANIZATIONNAME = "PABLO GUARDADO ALVAREZ";
				TargetAttributes = {
					7369DAC421AEAA3700E7C855 = {
						CreatedOnToolsVersion = 9.3;
					};
				};
			};
			buildConfigurationList = 7369DAC021AEAA3700E7C855 /* Build configuration list for PBXProject "RecipeFinder" */;
			compatibilityVersion = "Xcode 9.3";
			developmentRegion = en;
			hasScannedForEncodings = 0;
			knownRegions = (
				en,
				Base,
			);
			mainGroup = 7369DABC21AEAA3700E7C855;
			productRefGroup = 7369DAC621AEAA3700E7C855 /* Products */;
			projectDirPath = "";
			projectRoot = "";
			targets = (
				7369DAC421AEAA3700E7C855 /* RecipeFinder */,
			);
		};
/* End PBXProject section */

/* Begin PBXResourcesBuildPhase section */
		7369DAC321AEAA3700E7C855 /* Resources */ = {
			isa = PBXResourcesBuildPhase;
			buildActionMask = 2147483647;
			files = (
				7369DAD321AEAA3800E7C855 /* LaunchScreen.storyboard in Resources */,
				7369DAF321B0624F00E7C855 /* DataViewController.xib in Resources */,
				7369DAEF21B0416700E7C855 /* RecipeCell.xib in Resources */,
				737D994221B13DA400B69471 /* MapViewController.xib in Resources */,
				7369DAE221AEB59200E7C855 /* MainVC.xib in Resources */,
				7369DADE21AEB49000E7C855 /* CategoryCell.xib in Resources */,
				7369DAE921B0325900E7C855 /* RecetasViewController.xib in Resources */,
				7369DAD021AEAA3800E7C855 /* Assets.xcassets in Resources */,
			);
			runOnlyForDeploymentPostprocessing = 0;
		};
/* End PBXResourcesBuildPhase section */

/* Begin PBXShellScriptBuildPhase section */
		4C3FD35813B3F2850B375ECF /* [CP] Embed Pods Frameworks */ = {
			isa = PBXShellScriptBuildPhase;
			buildActionMask = 2147483647;
			files = (
			);
			inputPaths = (
				"${SRCROOT}/Pods/Target Support Files/Pods-RecipeFinder/Pods-RecipeFinder-frameworks.sh",
				"${BUILT_PRODUCTS_DIR}/SDWebImage/SDWebImage.framework",
			);
			name = "[CP] Embed Pods Frameworks";
			outputPaths = (
				"${TARGET_BUILD_DIR}/${FRAMEWORKS_FOLDER_PATH}/SDWebImage.framework",
			);
			runOnlyForDeploymentPostprocessing = 0;
			shellPath = /bin/sh;
			shellScript = "\"${SRCROOT}/Pods/Target Support Files/Pods-RecipeFinder/Pods-RecipeFinder-frameworks.sh\"\n";
			showEnvVarsInLog = 0;
		};
		CDFF9E5219E9A82AFB80B217 /* [CP] Check Pods Manifest.lock */ = {
			isa = PBXShellScriptBuildPhase;
			buildActionMask = 2147483647;
			files = (
			);
			inputPaths = (
				"${PODS_PODFILE_DIR_PATH}/Podfile.lock",
				"${PODS_ROOT}/Manifest.lock",
			);
			name = "[CP] Check Pods Manifest.lock";
			outputPaths = (
				"$(DERIVED_FILE_DIR)/Pods-RecipeFinder-checkManifestLockResult.txt",
			);
			runOnlyForDeploymentPostprocessing = 0;
			shellPath = /bin/sh;
			shellScript = "diff \"${PODS_PODFILE_DIR_PATH}/Podfile.lock\" \"${PODS_ROOT}/Manifest.lock\" > /dev/null\nif [ $? != 0 ] ; then\n    # print error to STDERR\n    echo \"error: The sandbox is not in sync with the Podfile.lock. Run 'pod install' or update your CocoaPods installation.\" >&2\n    exit 1\nfi\n# This output is used by Xcode 'outputs' to avoid re-running this script phase.\necho \"SUCCESS\" > \"${SCRIPT_OUTPUT_FILE_0}\"\n";
			showEnvVarsInLog = 0;
		};
/* End PBXShellScriptBuildPhase section */

/* Begin PBXSourcesBuildPhase section */
		7369DAC121AEAA3700E7C855 /* Sources */ = {
			isa = PBXSourcesBuildPhase;
			buildActionMask = 2147483647;
			files = (
				7369DAC921AEAA3700E7C855 /* AppDelegate.swift in Sources */,
				7369DAE521AEBD5500E7C855 /* Categories.swift in Sources */,
				7369DAE121AEB59200E7C855 /* Main.swift in Sources */,
				7369DAEE21B0416700E7C855 /* RecipeCell.swift in Sources */,
				737D994121B13DA400B69471 /* MapViewController.swift in Sources */,
				7369DAF221B0624F00E7C855 /* DataViewController.swift in Sources */,
				7369DAEB21B032A700E7C855 /* Recipes.swift in Sources */,
				7369DADD21AEB49000E7C855 /* CategoryCell.swift in Sources */,
				7369DAE821B0325900E7C855 /* RecetasViewController.swift in Sources */,
			);
			runOnlyForDeploymentPostprocessing = 0;
		};
/* End PBXSourcesBuildPhase section */

/* Begin PBXVariantGroup section */
		7369DAD121AEAA3800E7C855 /* LaunchScreen.storyboard */ = {
			isa = PBXVariantGroup;
			children = (
				7369DAD221AEAA3800E7C855 /* Base */,
			);
			name = LaunchScreen.storyboard;
			sourceTree = "<group>";
		};
/* End PBXVariantGroup section */

/* Begin XCBuildConfiguration section */
		7369DAD521AEAA3900E7C855 /* Debug */ = {
			isa = XCBuildConfiguration;
			buildSettings = {
				ALWAYS_SEARCH_USER_PATHS = NO;
				CLANG_ANALYZER_NONNULL = YES;
				CLANG_ANALYZER_NUMBER_OBJECT_CONVERSION = YES_AGGRESSIVE;
				CLANG_CXX_LANGUAGE_STANDARD = "gnu++14";
				CLANG_CXX_LIBRARY = "libc++";
				CLANG_ENABLE_MODULES = YES;
				CLANG_ENABLE_OBJC_ARC = YES;
				CLANG_ENABLE_OBJC_WEAK = YES;
				CLANG_WARN_BLOCK_CAPTURE_AUTORELEASING = YES;
				CLANG_WARN_BOOL_CONVERSION = YES;
				CLANG_WARN_COMMA = YES;
				CLANG_WARN_CONSTANT_CONVERSION = YES;
				CLANG_WARN_DEPRECATED_OBJC_IMPLEMENTATIONS = YES;
				CLANG_WARN_DIRECT_OBJC_ISA_USAGE = YES_ERROR;
				CLANG_WARN_DOCUMENTATION_COMMENTS = YES;
				CLANG_WARN_EMPTY_BODY = YES;
				CLANG_WARN_ENUM_CONVERSION = YES;
				CLANG_WARN_INFINITE_RECURSION = YES;
				CLANG_WARN_INT_CONVERSION = YES;
				CLANG_WARN_NON_LITERAL_NULL_CONVERSION = YES;
				CLANG_WARN_OBJC_IMPLICIT_RETAIN_SELF = YES;
				CLANG_WARN_OBJC_LITERAL_CONVERSION = YES;
				CLANG_WARN_OBJC_ROOT_CLASS = YES_ERROR;
				CLANG_WARN_RANGE_LOOP_ANALYSIS = YES;
				CLANG_WARN_STRICT_PROTOTYPES = YES;
				CLANG_WARN_SUSPICIOUS_MOVE = YES;
				CLANG_WARN_UNGUARDED_AVAILABILITY = YES_AGGRESSIVE;
				CLANG_WARN_UNREACHABLE_CODE = YES;
				CLANG_WARN__DUPLICATE_METHOD_MATCH = YES;
				CODE_SIGN_IDENTITY = "iPhone Developer";
				COPY_PHASE_STRIP = NO;
				DEBUG_INFORMATION_FORMAT = dwarf;
				ENABLE_STRICT_OBJC_MSGSEND = YES;
				ENABLE_TESTABILITY = YES;
				GCC_C_LANGUAGE_STANDARD = gnu11;
				GCC_DYNAMIC_NO_PIC = NO;
				GCC_NO_COMMON_BLOCKS = YES;
				GCC_OPTIMIZATION_LEVEL = 0;
				GCC_PREPROCESSOR_DEFINITIONS = (
					"DEBUG=1",
					"$(inherited)",
				);
				GCC_WARN_64_TO_32_BIT_CONVERSION = YES;
				GCC_WARN_ABOUT_RETURN_TYPE = YES_ERROR;
				GCC_WARN_UNDECLARED_SELECTOR = YES;
				GCC_WARN_UNINITIALIZED_AUTOS = YES_AGGRESSIVE;
				GCC_WARN_UNUSED_FUNCTION = YES;
				GCC_WARN_UNUSED_VARIABLE = YES;
				IPHONEOS_DEPLOYMENT_TARGET = 11.3;
				MTL_ENABLE_DEBUG_INFO = YES;
				ONLY_ACTIVE_ARCH = YES;
				SDKROOT = iphoneos;
				SWIFT_ACTIVE_COMPILATION_CONDITIONS = DEBUG;
				SWIFT_OPTIMIZATION_LEVEL = "-Onone";
			};
			name = Debug;
		};
		7369DAD621AEAA3900E7C855 /* Release */ = {
			isa = XCBuildConfiguration;
			buildSettings = {
				ALWAYS_SEARCH_USER_PATHS = NO;
				CLANG_ANALYZER_NONNULL = YES;
				CLANG_ANALYZER_NUMBER_OBJECT_CONVERSION = YES_AGGRESSIVE;
				CLANG_CXX_LANGUAGE_STANDARD = "gnu++14";
				CLANG_CXX_LIBRARY = "libc++";
				CLANG_ENABLE_MODULES = YES;
				CLANG_ENABLE_OBJC_ARC = YES;
				CLANG_ENABLE_OBJC_WEAK = YES;
				CLANG_WARN_BLOCK_CAPTURE_AUTORELEASING = YES;
				CLANG_WARN_BOOL_CONVERSION = YES;
				CLANG_WARN_COMMA = YES;
				CLANG_WARN_CONSTANT_CONVERSION = YES;
				CLANG_WARN_DEPRECATED_OBJC_IMPLEMENTATIONS = YES;
				CLANG_WARN_DIRECT_OBJC_ISA_USAGE = YES_ERROR;
				CLANG_WARN_DOCUMENTATION_COMMENTS = YES;
				CLANG_WARN_EMPTY_BODY = YES;
				CLANG_WARN_ENUM_CONVERSION = YES;
				CLANG_WARN_INFINITE_RECURSION = YES;
				CLANG_WARN_INT_CONVERSION = YES;
				CLANG_WARN_NON_LITERAL_NULL_CONVERSION = YES;
				CLANG_WARN_OBJC_IMPLICIT_RETAIN_SELF = YES;
				CLANG_WARN_OBJC_LITERAL_CONVERSION = YES;
				CLANG_WARN_OBJC_ROOT_CLASS = YES_ERROR;
				CLANG_WARN_RANGE_LOOP_ANALYSIS = YES;
				CLANG_WARN_STRICT_PROTOTYPES = YES;
				CLANG_WARN_SUSPICIOUS_MOVE = YES;
				CLANG_WARN_UNGUARDED_AVAILABILITY = YES_AGGRESSIVE;
				CLANG_WARN_UNREACHABLE_CODE = YES;
				CLANG_WARN__DUPLICATE_METHOD_MATCH = YES;
				CODE_SIGN_IDENTITY = "iPhone Developer";
				COPY_PHASE_STRIP = NO;
				DEBUG_INFORMATION_FORMAT = "dwarf-with-dsym";
				ENABLE_NS_ASSERTIONS = NO;
				ENABLE_STRICT_OBJC_MSGSEND = YES;
				GCC_C_LANGUAGE_STANDARD = gnu11;
				GCC_NO_COMMON_BLOCKS = YES;
				GCC_WARN_64_TO_32_BIT_CONVERSION = YES;
				GCC_WARN_ABOUT_RETURN_TYPE = YES_ERROR;
				GCC_WARN_UNDECLARED_SELECTOR = YES;
				GCC_WARN_UNINITIALIZED_AUTOS = YES_AGGRESSIVE;
				GCC_WARN_UNUSED_FUNCTION = YES;
				GCC_WARN_UNUSED_VARIABLE = YES;
				IPHONEOS_DEPLOYMENT_TARGET = 11.3;
				MTL_ENABLE_DEBUG_INFO = NO;
				SDKROOT = iphoneos;
				SWIFT_COMPILATION_MODE = wholemodule;
				SWIFT_OPTIMIZATION_LEVEL = "-O";
				VALIDATE_PRODUCT = YES;
			};
			name = Release;
		};
		7369DAD821AEAA3900E7C855 /* Debug */ = {
			isa = XCBuildConfiguration;
			baseConfigurationReference = 6A6126B62371B062466FDF44 /* Pods-RecipeFinder.debug.xcconfig */;
			buildSettings = {
				ASSETCATALOG_COMPILER_APPICON_NAME = AppIcon;
				CODE_SIGN_STYLE = Automatic;
				INFOPLIST_FILE = RecipeFinder/Info.plist;
				LD_RUNPATH_SEARCH_PATHS = (
					"$(inherited)",
					"@executable_path/Frameworks",
				);
				PRODUCT_BUNDLE_IDENTIFIER = "U-tad.RecipeFinder";
				PRODUCT_NAME = "$(TARGET_NAME)";
				SWIFT_VERSION = 4.0;
				TARGETED_DEVICE_FAMILY = "1,2";
			};
			name = Debug;
		};
		7369DAD921AEAA3900E7C855 /* Release */ = {
			isa = XCBuildConfiguration;
			baseConfigurationReference = 7114E4D23FF217049BBFA839 /* Pods-RecipeFinder.release.xcconfig */;
			buildSettings = {
				ASSETCATALOG_COMPILER_APPICON_NAME = AppIcon;
				CODE_SIGN_STYLE = Automatic;
				INFOPLIST_FILE = RecipeFinder/Info.plist;
				LD_RUNPATH_SEARCH_PATHS = (
					"$(inherited)",
					"@executable_path/Frameworks",
				);
				PRODUCT_BUNDLE_IDENTIFIER = "U-tad.RecipeFinder";
				PRODUCT_NAME = "$(TARGET_NAME)";
				SWIFT_VERSION = 4.0;
				TARGETED_DEVICE_FAMILY = "1,2";
			};
			name = Release;
		};
/* End XCBuildConfiguration section */

/* Begin XCConfigurationList section */
		7369DAC021AEAA3700E7C855 /* Build configuration list for PBXProject "RecipeFinder" */ = {
			isa = XCConfigurationList;
			buildConfigurations = (
				7369DAD521AEAA3900E7C855 /* Debug */,
				7369DAD621AEAA3900E7C855 /* Release */,
			);
			defaultConfigurationIsVisible = 0;
			defaultConfigurationName = Release;
		};
		7369DAD721AEAA3900E7C855 /* Build configuration list for PBXNativeTarget "RecipeFinder" */ = {
			isa = XCConfigurationList;
			buildConfigurations = (
				7369DAD821AEAA3900E7C855 /* Debug */,
				7369DAD921AEAA3900E7C855 /* Release */,
			);
			defaultConfigurationIsVisible = 0;
			defaultConfigurationName = Release;
		};
/* End XCConfigurationList section */
	};
	rootObject = 7369DABD21AEAA3700E7C855 /* Project object */;
}
